
Microsoft Visual Studio Solution File, Format Version 12.00
# Visual Studio Version 17
VisualStudioVersion = 17.13.35818.85
MinimumVisualStudioVersion = 10.0.40219.1
Project("{FAE04EC0-301F-11D3-BF4B-00C04F79EFBC}") = "ForeignExchangeRates.Core", "src\ForeignExchangeRates.Core\ForeignExchangeRates.Core.csproj", "{2D345A59-5705-4EE0-92D3-FF5D6C6E641F}"
EndProject
Project("{FAE04EC0-301F-11D3-BF4B-00C04F79EFBC}") = "ForeignExchangeRates.Infrastructure", "src\ForeignExchangeRates.Infrastructure\ForeignExchangeRates.Infrastructure.csproj", "{FFAB7C98-1EE9-47DA-B94C-34F7AF580947}"
	ProjectSection(ProjectDependencies) = postProject
		{2D345A59-5705-4EE0-92D3-FF5D6C6E641F} = {2D345A59-5705-4EE0-92D3-FF5D6C6E641F}
	EndProjectSection
EndProject
Project("{FAE04EC0-301F-11D3-BF4B-00C04F79EFBC}") = "ForeignExchangeRates.WebAPI", "src\ForeignExchangeRates.WebAPI\ForeignExchangeRates.WebAPI.csproj", "{72E927D3-F0D3-4E57-AA0E-0F0610AE5922}"
EndProject
Project("{FAE04EC0-301F-11D3-BF4B-00C04F79EFBC}") = "ForeignExchangeRates.WebAPI.Tests", "tests\ForeignExchangeRates.WebAPI.Tests\ForeignExchangeRates.WebAPI.Tests.csproj", "{BB57ABE6-1359-4693-970E-C7130F806C67}"
EndProject
Project("{FAE04EC0-301F-11D3-BF4B-00C04F79EFBC}") = "ForeignExchangeRates.Core.Tests", "tests\ForeignExchangeRates.Core.Tests\ForeignExchangeRates.Core.Tests.csproj", "{C4588277-D201-4355-8677-E768A7F28ACB}"
EndProject
Global
	GlobalSection(SolutionConfigurationPlatforms) = preSolution
		Debug|Any CPU = Debug|Any CPU
		Release|Any CPU = Release|Any CPU
	EndGlobalSection
	GlobalSection(ProjectConfigurationPlatforms) = postSolution
		{2D345A59-5705-4EE0-92D3-FF5D6C6E641F}.Debug|Any CPU.ActiveCfg = Debug|Any CPU
		{2D345A59-5705-4EE0-92D3-FF5D6C6E641F}.Debug|Any CPU.Build.0 = Debug|Any CPU
		{2D345A59-5705-4EE0-92D3-FF5D6C6E641F}.Release|Any CPU.ActiveCfg = Release|Any CPU
		{2D345A59-5705-4EE0-92D3-FF5D6C6E641F}.Release|Any CPU.Build.0 = Release|Any CPU
		{FFAB7C98-1EE9-47DA-B94C-34F7AF580947}.Debug|Any CPU.ActiveCfg = Debug|Any CPU
		{FFAB7C98-1EE9-47DA-B94C-34F7AF580947}.Debug|Any CPU.Build.0 = Debug|Any CPU
		{FFAB7C98-1EE9-47DA-B94C-34F7AF580947}.Release|Any CPU.ActiveCfg = Release|Any CPU
		{FFAB7C98-1EE9-47DA-B94C-34F7AF580947}.Release|Any CPU.Build.0 = Release|Any CPU
		{72E927D3-F0D3-4E57-AA0E-0F0610AE5922}.Debug|Any CPU.ActiveCfg = Debug|Any CPU
		{72E927D3-F0D3-4E57-AA0E-0F0610AE5922}.Debug|Any CPU.Build.0 = Debug|Any CPU
		{72E927D3-F0D3-4E57-AA0E-0F0610AE5922}.Release|Any CPU.ActiveCfg = Release|Any CPU
		{72E927D3-F0D3-4E57-AA0E-0F0610AE5922}.Release|Any CPU.Build.0 = Release|Any CPU
		{BB57ABE6-1359-4693-970E-C7130F806C67}.Debug|Any CPU.ActiveCfg = Debug|Any CPU
		{BB57ABE6-1359-4693-970E-C7130F806C67}.Debug|Any CPU.Build.0 = Debug|Any CPU
		{BB57ABE6-1359-4693-970E-C7130F806C67}.Release|Any CPU.ActiveCfg = Release|Any CPU
		{BB57ABE6-1359-4693-970E-C7130F806C67}.Release|Any CPU.Build.0 = Release|Any CPU
		{C4588277-D201-4355-8677-E768A7F28ACB}.Debug|Any CPU.ActiveCfg = Debug|Any CPU
		{C4588277-D201-4355-8677-E768A7F28ACB}.Debug|Any CPU.Build.0 = Debug|Any CPU
		{C4588277-D201-4355-8677-E768A7F28ACB}.Release|Any CPU.ActiveCfg = Release|Any CPU
		{C4588277-D201-4355-8677-E768A7F28ACB}.Release|Any CPU.Build.0 = Release|Any CPU
	EndGlobalSection
	GlobalSection(SolutionProperties) = preSolution
		HideSolutionNode = FALSE
	EndGlobalSection
	GlobalSection(ExtensibilityGlobals) = postSolution
		SolutionGuid = {C4977858-ADDB-4DB9-80E6-A9F42BE5D201}
	EndGlobalSection
EndGlobal
